// !$*UTF8*$!
{
	archiveVersion = 1;
	classes = {
	};
	objectVersion = 46;
	objects = {

/* Begin PBXBuildFile section */
		9F698FE71D81369F005072F1 /* main.m in Sources */ = {isa = PBXBuildFile; fileRef = 9F698FE61D81369F005072F1 /* main.m */; };
		9F698FEA1D81369F005072F1 /* AppDelegate.m in Sources */ = {isa = PBXBuildFile; fileRef = 9F698FE91D81369F005072F1 /* AppDelegate.m */; };
		9F698FED1D81369F005072F1 /* ViewController.m in Sources */ = {isa = PBXBuildFile; fileRef = 9F698FEC1D81369F005072F1 /* ViewController.m */; };
		9F698FF01D81369F005072F1 /* Main.storyboard in Resources */ = {isa = PBXBuildFile; fileRef = 9F698FEE1D81369F005072F1 /* Main.storyboard */; };
		9F698FF21D81369F005072F1 /* Assets.xcassets in Resources */ = {isa = PBXBuildFile; fileRef = 9F698FF11D81369F005072F1 /* Assets.xcassets */; };
		9F698FF51D81369F005072F1 /* LaunchScreen.storyboard in Resources */ = {isa = PBXBuildFile; fileRef = 9F698FF31D81369F005072F1 /* LaunchScreen.storyboard */; };
		9F6990001D81369F005072F1 /* MarumTests.m in Sources */ = {isa = PBXBuildFile; fileRef = 9F698FFF1D81369F005072F1 /* MarumTests.m */; };
		9F69900B1D8136A0005072F1 /* MarumUITests.m in Sources */ = {isa = PBXBuildFile; fileRef = 9F69900A1D8136A0005072F1 /* MarumUITests.m */; };
		9F69901A1D813753005072F1 /* BasicClassCreation.m in Sources */ = {isa = PBXBuildFile; fileRef = 9F6990191D813753005072F1 /* BasicClassCreation.m */; };
/* End PBXBuildFile section */

/* Begin PBXContainerItemProxy section */
		9F698FFC1D81369F005072F1 /* PBXContainerItemProxy */ = {
			isa = PBXContainerItemProxy;
			containerPortal = 9F698FDA1D81369F005072F1 /* Project object */;
			proxyType = 1;
			remoteGlobalIDString = 9F698FE11D81369F005072F1;
			remoteInfo = Marum;
		};
		9F6990071D8136A0005072F1 /* PBXContainerItemProxy */ = {
			isa = PBXContainerItemProxy;
			containerPortal = 9F698FDA1D81369F005072F1 /* Project object */;
			proxyType = 1;
			remoteGlobalIDString = 9F698FE11D81369F005072F1;
			remoteInfo = Marum;
		};
/* End PBXContainerItemProxy section */

/* Begin PBXFileReference section */
		9F698FE21D81369F005072F1 /* Marum.app */ = {isa = PBXFileReference; explicitFileType = wrapper.application; includeInIndex = 0; path = Marum.app; sourceTree = BUILT_PRODUCTS_DIR; };
		9F698FE61D81369F005072F1 /* main.m */ = {isa = PBXFileReference; lastKnownFileType = sourcecode.c.objc; path = main.m; sourceTree = "<group>"; };
		9F698FE81D81369F005072F1 /* AppDelegate.h */ = {isa = PBXFileReference; lastKnownFileType = sourcecode.c.h; path = AppDelegate.h; sourceTree = "<group>"; };
		9F698FE91D81369F005072F1 /* AppDelegate.m */ = {isa = PBXFileReference; lastKnownFileType = sourcecode.c.objc; path = AppDelegate.m; sourceTree = "<group>"; };
		9F698FEB1D81369F005072F1 /* ViewController.h */ = {isa = PBXFileReference; lastKnownFileType = sourcecode.c.h; path = ViewController.h; sourceTree = "<group>"; };
		9F698FEC1D81369F005072F1 /* ViewController.m */ = {isa = PBXFileReference; lastKnownFileType = sourcecode.c.objc; path = ViewController.m; sourceTree = "<group>"; };
		9F698FEF1D81369F005072F1 /* Base */ = {isa = PBXFileReference; lastKnownFileType = file.storyboard; name = Base; path = Base.lproj/Main.storyboard; sourceTree = "<group>"; };
		9F698FF11D81369F005072F1 /* Assets.xcassets */ = {isa = PBXFileReference; lastKnownFileType = folder.assetcatalog; path = Assets.xcassets; sourceTree = "<group>"; };
		9F698FF41D81369F005072F1 /* Base */ = {isa = PBXFileReference; lastKnownFileType = file.storyboard; name = Base; path = Base.lproj/LaunchScreen.storyboard; sourceTree = "<group>"; };
		9F698FF61D81369F005072F1 /* Info.plist */ = {isa = PBXFileReference; lastKnownFileType = text.plist.xml; path = Info.plist; sourceTree = "<group>"; };
		9F698FFB1D81369F005072F1 /* MarumTests.xctest */ = {isa = PBXFileReference; explicitFileType = wrapper.cfbundle; includeInIndex = 0; path = MarumTests.xctest; sourceTree = BUILT_PRODUCTS_DIR; };
		9F698FFF1D81369F005072F1 /* MarumTests.m */ = {isa = PBXFileReference; lastKnownFileType = sourcecode.c.objc; path = MarumTests.m; sourceTree = "<group>"; };
		9F6990011D81369F005072F1 /* Info.plist */ = {isa = PBXFileReference; lastKnownFileType = text.plist.xml; path = Info.plist; sourceTree = "<group>"; };
		9F6990061D8136A0005072F1 /* MarumUITests.xctest */ = {isa = PBXFileReference; explicitFileType = wrapper.cfbundle; includeInIndex = 0; path = MarumUITests.xctest; sourceTree = BUILT_PRODUCTS_DIR; };
		9F69900A1D8136A0005072F1 /* MarumUITests.m */ = {isa = PBXFileReference; lastKnownFileType = sourcecode.c.objc; path = MarumUITests.m; sourceTree = "<group>"; };
		9F69900C1D8136A0005072F1 /* Info.plist */ = {isa = PBXFileReference; lastKnownFileType = text.plist.xml; path = Info.plist; sourceTree = "<group>"; };
		9F6990181D813753005072F1 /* BasicClassCreation.h */ = {isa = PBXFileReference; fileEncoding = 4; lastKnownFileType = sourcecode.c.h; name = BasicClassCreation.h; path = ../BasicClassCreation.h; sourceTree = "<group>"; };
		9F6990191D813753005072F1 /* BasicClassCreation.m */ = {isa = PBXFileReference; fileEncoding = 4; lastKnownFileType = sourcecode.c.objc; name = BasicClassCreation.m; path = ../BasicClassCreation.m; sourceTree = "<group>"; };
/* End PBXFileReference section */

/* Begin PBXFrameworksBuildPhase section */
		9F698FDF1D81369F005072F1 /* Frameworks */ = {
			isa = PBXFrameworksBuildPhase;
			buildActionMask = 2147483647;
			files = (
			);
			runOnlyForDeploymentPostprocessing = 0;
		};
		9F698FF81D81369F005072F1 /* Frameworks */ = {
			isa = PBXFrameworksBuildPhase;
			buildActionMask = 2147483647;
			files = (
			);
			runOnlyForDeploymentPostprocessing = 0;
		};
		9F6990031D8136A0005072F1 /* Frameworks */ = {
			isa = PBXFrameworksBuildPhase;
			buildActionMask = 2147483647;
			files = (
			);
			runOnlyForDeploymentPostprocessing = 0;
		};
/* End PBXFrameworksBuildPhase section */

/* Begin PBXGroup section */
		9F698FD91D81369F005072F1 = {
			isa = PBXGroup;
			children = (
				9F698FE41D81369F005072F1 /* Marum */,
				9F698FFE1D81369F005072F1 /* MarumTests */,
				9F6990091D8136A0005072F1 /* MarumUITests */,
				9F698FE31D81369F005072F1 /* Products */,
			);
			sourceTree = "<group>";
		};
		9F698FE31D81369F005072F1 /* Products */ = {
			isa = PBXGroup;
			children = (
				9F698FE21D81369F005072F1 /* Marum.app */,
				9F698FFB1D81369F005072F1 /* MarumTests.xctest */,
				9F6990061D8136A0005072F1 /* MarumUITests.xctest */,
			);
			name = Products;
			sourceTree = "<group>";
		};
		9F698FE41D81369F005072F1 /* Marum */ = {
			isa = PBXGroup;
			children = (
				9F6990181D813753005072F1 /* BasicClassCreation.h */,
				9F6990191D813753005072F1 /* BasicClassCreation.m */,
				9F698FE81D81369F005072F1 /* AppDelegate.h */,
				9F698FE91D81369F005072F1 /* AppDelegate.m */,
				9F698FEB1D81369F005072F1 /* ViewController.h */,
				9F698FEC1D81369F005072F1 /* ViewController.m */,
				9F698FEE1D81369F005072F1 /* Main.storyboard */,
				9F698FF11D81369F005072F1 /* Assets.xcassets */,
				9F698FF31D81369F005072F1 /* LaunchScreen.storyboard */,
				9F698FF61D81369F005072F1 /* Info.plist */,
				9F698FE51D81369F005072F1 /* Supporting Files */,
			);
			path = Marum;
			sourceTree = "<group>";
		};
		9F698FE51D81369F005072F1 /* Supporting Files */ = {
			isa = PBXGroup;
			children = (
				9F698FE61D81369F005072F1 /* main.m */,
			);
			name = "Supporting Files";
			sourceTree = "<group>";
		};
		9F698FFE1D81369F005072F1 /* MarumTests */ = {
			isa = PBXGroup;
			children = (
				9F698FFF1D81369F005072F1 /* MarumTests.m */,
				9F6990011D81369F005072F1 /* Info.plist */,
			);
			path = MarumTests;
			sourceTree = "<group>";
		};
		9F6990091D8136A0005072F1 /* MarumUITests */ = {
			isa = PBXGroup;
			children = (
				9F69900A1D8136A0005072F1 /* MarumUITests.m */,
				9F69900C1D8136A0005072F1 /* Info.plist */,
			);
			path = MarumUITests;
			sourceTree = "<group>";
		};
/* End PBXGroup section */

/* Begin PBXNativeTarget section */
		9F698FE11D81369F005072F1 /* Marum */ = {
			isa = PBXNativeTarget;
			buildConfigurationList = 9F69900F1D8136A0005072F1 /* Build configuration list for PBXNativeTarget "Marum" */;
			buildPhases = (
				9F698FDE1D81369F005072F1 /* Sources */,
				9F698FDF1D81369F005072F1 /* Frameworks */,
				9F698FE01D81369F005072F1 /* Resources */,
			);
			buildRules = (
			);
			dependencies = (
			);
			name = Marum;
			productName = Marum;
			productReference = 9F698FE21D81369F005072F1 /* Marum.app */;
			productType = "com.apple.product-type.application";
		};
		9F698FFA1D81369F005072F1 /* MarumTests */ = {
			isa = PBXNativeTarget;
			buildConfigurationList = 9F6990121D8136A0005072F1 /* Build configuration list for PBXNativeTarget "MarumTests" */;
			buildPhases = (
				9F698FF71D81369F005072F1 /* Sources */,
				9F698FF81D81369F005072F1 /* Frameworks */,
				9F698FF91D81369F005072F1 /* Resources */,
			);
			buildRules = (
			);
			dependencies = (
				9F698FFD1D81369F005072F1 /* PBXTargetDependency */,
			);
			name = MarumTests;
			productName = MarumTests;
			productReference = 9F698FFB1D81369F005072F1 /* MarumTests.xctest */;
			productType = "com.apple.product-type.bundle.unit-test";
		};
		9F6990051D8136A0005072F1 /* MarumUITests */ = {
			isa = PBXNativeTarget;
			buildConfigurationList = 9F6990151D8136A0005072F1 /* Build configuration list for PBXNativeTarget "MarumUITests" */;
			buildPhases = (
				9F6990021D8136A0005072F1 /* Sources */,
				9F6990031D8136A0005072F1 /* Frameworks */,
				9F6990041D8136A0005072F1 /* Resources */,
			);
			buildRules = (
			);
			dependencies = (
				9F6990081D8136A0005072F1 /* PBXTargetDependency */,
			);
			name = MarumUITests;
			productName = MarumUITests;
			productReference = 9F6990061D8136A0005072F1 /* MarumUITests.xctest */;
			productType = "com.apple.product-type.bundle.ui-testing";
		};
/* End PBXNativeTarget section */

/* Begin PBXProject section */
		9F698FDA1D81369F005072F1 /* Project object */ = {
			isa = PBXProject;
			attributes = {
				LastUpgradeCheck = 0730;
				ORGANIZATIONNAME = nakeer;
				TargetAttributes = {
					9F698FE11D81369F005072F1 = {
						CreatedOnToolsVersion = 7.3.1;
					};
					9F698FFA1D81369F005072F1 = {
						CreatedOnToolsVersion = 7.3.1;
						TestTargetID = 9F698FE11D81369F005072F1;
					};
					9F6990051D8136A0005072F1 = {
						CreatedOnToolsVersion = 7.3.1;
						TestTargetID = 9F698FE11D81369F005072F1;
					};
				};
			};
			buildConfigurationList = 9F698FDD1D81369F005072F1 /* Build configuration list for PBXProject "Marum" */;
			compatibilityVersion = "Xcode 3.2";
			developmentRegion = English;
			hasScannedForEncodings = 0;
			knownRegions = (
				en,
				Base,
			);
			mainGroup = 9F698FD91D81369F005072F1;
			productRefGroup = 9F698FE31D81369F005072F1 /* Products */;
			projectDirPath = "";
			projectRoot = "";
			targets = (
				9F698FE11D81369F005072F1 /* Marum */,
				9F698FFA1D81369F005072F1 /* MarumTests */,
				9F6990051D8136A0005072F1 /* MarumUITests */,
			);
		};
/* End PBXProject section */

/* Begin PBXResourcesBuildPhase section */
		9F698FE01D81369F005072F1 /* Resources */ = {
			isa = PBXResourcesBuildPhase;
			buildActionMask = 2147483647;
			files = (
				9F698FF51D81369F005072F1 /* LaunchScreen.storyboard in Resources */,
				9F698FF21D81369F005072F1 /* Assets.xcassets in Resources */,
				9F698FF01D81369F005072F1 /* Main.storyboard in Resources */,
			);
			runOnlyForDeploymentPostprocessing = 0;
		};
		9F698FF91D81369F005072F1 /* Resources */ = {
			isa = PBXResourcesBuildPhase;
			buildActionMask = 2147483647;
			files = (
			);
			runOnlyForDeploymentPostprocessing = 0;
		};
		9F6990041D8136A0005072F1 /* Resources */ = {
			isa = PBXResourcesBuildPhase;
			buildActionMask = 2147483647;
			files = (
			);
			runOnlyForDeploymentPostprocessing = 0;
		};
/* End PBXResourcesBuildPhase section */

/* Begin PBXSourcesBuildPhase section */
		9F698FDE1D81369F005072F1 /* Sources */ = {
			isa = PBXSourcesBuildPhase;
			buildActionMask = 2147483647;
			files = (
				9F69901A1D813753005072F1 /* BasicClassCreation.m in Sources */,
				9F698FED1D81369F005072F1 /* ViewController.m in Sources */,
				9F698FEA1D81369F005072F1 /* AppDelegate.m in Sources */,
				9F698FE71D81369F005072F1 /* main.m in Sources */,
			);
			runOnlyForDeploymentPostprocessing = 0;
		};
		9F698FF71D81369F005072F1 /* Sources */ = {
			isa = PBXSourcesBuildPhase;
			buildActionMask = 2147483647;
			files = (
				9F6990001D81369F005072F1 /* MarumTests.m in Sources */,
			);
			runOnlyForDeploymentPostprocessing = 0;
		};
		9F6990021D8136A0005072F1 /* Sources */ = {
			isa = PBXSourcesBuildPhase;
			buildActionMask = 2147483647;
			files = (
				9F69900B1D8136A0005072F1 /* MarumUITests.m in Sources */,
			);
			runOnlyForDeploymentPostprocessing = 0;
		};
/* End PBXSourcesBuildPhase section */

/* Begin PBXTargetDependency section */
		9F698FFD1D81369F005072F1 /* PBXTargetDependency */ = {
			isa = PBXTargetDependency;
			target = 9F698FE11D81369F005072F1 /* Marum */;
			targetProxy = 9F698FFC1D81369F005072F1 /* PBXContainerItemProxy */;
		};
		9F6990081D8136A0005072F1 /* PBXTargetDependency */ = {
			isa = PBXTargetDependency;
			target = 9F698FE11D81369F005072F1 /* Marum */;
			targetProxy = 9F6990071D8136A0005072F1 /* PBXContainerItemProxy */;
		};
/* End PBXTargetDependency section */

/* Begin PBXVariantGroup section */
		9F698FEE1D81369F005072F1 /* Main.storyboard */ = {
			isa = PBXVariantGroup;
			children = (
				9F698FEF1D81369F005072F1 /* Base */,
			);
			name = Main.storyboard;
			sourceTree = "<group>";
		};
		9F698FF31D81369F005072F1 /* LaunchScreen.storyboard */ = {
			isa = PBXVariantGroup;
			children = (
				9F698FF41D81369F005072F1 /* Base */,
			);
			name = LaunchScreen.storyboard;
			sourceTree = "<group>";
		};
/* End PBXVariantGroup section */

/* Begin XCBuildConfiguration section */
		9F69900D1D8136A0005072F1 /* Debug */ = {
			isa = XCBuildConfiguration;
			buildSettings = {
				ALWAYS_SEARCH_USER_PATHS = NO;
				CLANG_ANALYZER_NONNULL = YES;
				CLANG_CXX_LANGUAGE_STANDARD = "gnu++0x";
				CLANG_CXX_LIBRARY = "libc++";
				CLANG_ENABLE_MODULES = YES;
				CLANG_ENABLE_OBJC_ARC = YES;
				CLANG_WARN_BOOL_CONVERSION = YES;
				CLANG_WARN_CONSTANT_CONVERSION = YES;
				CLANG_WARN_DIRECT_OBJC_ISA_USAGE = YES_ERROR;
				CLANG_WARN_EMPTY_BODY = YES;
				CLANG_WARN_ENUM_CONVERSION = YES;
				CLANG_WARN_INT_CONVERSION = YES;
				CLANG_WARN_OBJC_ROOT_CLASS = YES_ERROR;
				CLANG_WARN_UNREACHABLE_CODE = YES;
				CLANG_WARN__DUPLICATE_METHOD_MATCH = YES;
				"CODE_SIGN_IDENTITY[sdk=iphoneos*]" = "iPhone Developer";
				COPY_PHASE_STRIP = NO;
				DEBUG_INFORMATION_FORMAT = dwarf;
				ENABLE_STRICT_OBJC_MSGSEND = YES;
				ENABLE_TESTABILITY = YES;
				GCC_C_LANGUAGE_STANDARD = gnu99;
				GCC_DYNAMIC_NO_PIC = NO;
				GCC_NO_COMMON_BLOCKS = YES;
				GCC_OPTIMIZATION_LEVEL = 0;
				GCC_PREPROCESSOR_DEFINITIONS = (
					"DEBUG=1",
					"$(inherited)",
				);
				GCC_WARN_64_TO_32_BIT_CONVERSION = YES;
				GCC_WARN_ABOUT_RETURN_TYPE = YES_ERROR;
				GCC_WARN_UNDECLARED_SELECTOR = YES;
				GCC_WARN_UNINITIALIZED_AUTOS = YES_AGGRESSIVE;
				GCC_WARN_UNUSED_FUNCTION = YES;
				GCC_WARN_UNUSED_VARIABLE = YES;
				IPHONEOS_DEPLOYMENT_TARGET = 9.3;
				MTL_ENABLE_DEBUG_INFO = YES;
				ONLY_ACTIVE_ARCH = YES;
				SDKROOT = iphoneos;
			};
			name = Debug;
		};
		9F69900E1D8136A0005072F1 /* Release */ = {
			isa = XCBuildConfiguration;
			buildSettings = {
				ALWAYS_SEARCH_USER_PATHS = NO;
				CLANG_ANALYZER_NONNULL = YES;
				CLANG_CXX_LANGUAGE_STANDARD = "gnu++0x";
				CLANG_CXX_LIBRARY = "libc++";
				CLANG_ENABLE_MODULES = YES;
				CLANG_ENABLE_OBJC_ARC = YES;
				CLANG_WARN_BOOL_CONVERSION = YES;
				CLANG_WARN_CONSTANT_CONVERSION = YES;
				CLANG_WARN_DIRECT_OBJC_ISA_USAGE = YES_ERROR;
				CLANG_WARN_EMPTY_BODY = YES;
				CLANG_WARN_ENUM_CONVERSION = YES;
				CLANG_WARN_INT_CONVERSION = YES;
				CLANG_WARN_OBJC_ROOT_CLASS = YES_ERROR;
				CLANG_WARN_UNREACHABLE_CODE = YES;
				CLANG_WARN__DUPLICATE_METHOD_MATCH = YES;
				"CODE_SIGN_IDENTITY[sdk=iphoneos*]" = "iPhone Developer";
				COPY_PHASE_STRIP = NO;
				DEBUG_INFORMATION_FORMAT = "dwarf-with-dsym";
				ENABLE_NS_ASSERTIONS = NO;
				ENABLE_STRICT_OBJC_MSGSEND = YES;
				GCC_C_LANGUAGE_STANDARD = gnu99;
				GCC_NO_COMMON_BLOCKS = YES;
				GCC_WARN_64_TO_32_BIT_CONVERSION = YES;
				GCC_WARN_ABOUT_RETURN_TYPE = YES_ERROR;
				GCC_WARN_UNDECLARED_SELECTOR = YES;
				GCC_WARN_UNINITIALIZED_AUTOS = YES_AGGRESSIVE;
				GCC_WARN_UNUSED_FUNCTION = YES;
				GCC_WARN_UNUSED_VARIABLE = YES;
				IPHONEOS_DEPLOYMENT_TARGET = 9.3;
				MTL_ENABLE_DEBUG_INFO = NO;
				SDKROOT = iphoneos;
				VALIDATE_PRODUCT = YES;
			};
			name = Release;
		};
		9F6990101D8136A0005072F1 /* Debug */ = {
			isa = XCBuildConfiguration;
			buildSettings = {
				ASSETCATALOG_COMPILER_APPICON_NAME = AppIcon;
				CODE_SIGN_IDENTITY = "iPhone Developer";
				INFOPLIST_FILE = Marum/Info.plist;
				LD_RUNPATH_SEARCH_PATHS = "$(inherited) @executable_path/Frameworks";
				PRODUCT_BUNDLE_IDENTIFIER = com.nakeer.Marum;
				PRODUCT_NAME = "$(TARGET_NAME)";
			};
			name = Debug;
		};
		9F6990111D8136A0005072F1 /* Release */ = {
			isa = XCBuildConfiguration;
			buildSettings = {
				ASSETCATALOG_COMPILER_APPICON_NAME = AppIcon;
				CODE_SIGN_IDENTITY = "iPhone Developer";
				INFOPLIST_FILE = Marum/Info.plist;
				LD_RUNPATH_SEARCH_PATHS = "$(inherited) @executable_path/Frameworks";
				PRODUCT_BUNDLE_IDENTIFIER = com.nakeer.Marum;
				PRODUCT_NAME = "$(TARGET_NAME)";
			};
			name = Release;
		};
		9F6990131D8136A0005072F1 /* Debug */ = {
			isa = XCBuildConfiguration;
			buildSettings = {
				BUNDLE_LOADER = "$(TEST_HOST)";
				INFOPLIST_FILE = MarumTests/Info.plist;
				LD_RUNPATH_SEARCH_PATHS = "$(inherited) @executable_path/Frameworks @loader_path/Frameworks";
				PRODUCT_BUNDLE_IDENTIFIER = com.nakeer.MarumTests;
				PRODUCT_NAME = "$(TARGET_NAME)";
				TEST_HOST = "$(BUILT_PRODUCTS_DIR)/Marum.app/Marum";
			};
			name = Debug;
		};
		9F6990141D8136A0005072F1 /* Release */ = {
			isa = XCBuildConfiguration;
			buildSettings = {
				BUNDLE_LOADER = "$(TEST_HOST)";
				INFOPLIST_FILE = MarumTests/Info.plist;
				LD_RUNPATH_SEARCH_PATHS = "$(inherited) @executable_path/Frameworks @loader_path/Frameworks";
				PRODUCT_BUNDLE_IDENTIFIER = com.nakeer.MarumTests;
				PRODUCT_NAME = "$(TARGET_NAME)";
				TEST_HOST = "$(BUILT_PRODUCTS_DIR)/Marum.app/Marum";
			};
			name = Release;
		};
		9F6990161D8136A0005072F1 /* Debug */ = {
			isa = XCBuildConfiguration;
			buildSettings = {
				INFOPLIST_FILE = MarumUITests/Info.plist;
				LD_RUNPATH_SEARCH_PATHS = "$(inherited) @executable_path/Frameworks @loader_path/Frameworks";
				PRODUCT_BUNDLE_IDENTIFIER = com.nakeer.MarumUITests;
				PRODUCT_NAME = "$(TARGET_NAME)";
				TEST_TARGET_NAME = Marum;
			};
			name = Debug;
		};
		9F6990171D8136A0005072F1 /* Release */ = {
			isa = XCBuildConfiguration;
			buildSettings = {
				INFOPLIST_FILE = MarumUITests/Info.plist;
				LD_RUNPATH_SEARCH_PATHS = "$(inherited) @executable_path/Frameworks @loader_path/Frameworks";
				PRODUCT_BUNDLE_IDENTIFIER = com.nakeer.MarumUITests;
				PRODUCT_NAME = "$(TARGET_NAME)";
				TEST_TARGET_NAME = Marum;
			};
			name = Release;
		};
/* End XCBuildConfiguration section */

/* Begin XCConfigurationList section */
		9F698FDD1D81369F005072F1 /* Build configuration list for PBXProject "Marum" */ = {
			isa = XCConfigurationList;
			buildConfigurations = (
				9F69900D1D8136A0005072F1 /* Debug */,
				9F69900E1D8136A0005072F1 /* Release */,
			);
			defaultConfigurationIsVisible = 0;
			defaultConfigurationName = Release;
		};
		9F69900F1D8136A0005072F1 /* Build configuration list for PBXNativeTarget "Marum" */ = {
			isa = XCConfigurationList;
			buildConfigurations = (
				9F6990101D8136A0005072F1 /* Debug */,
				9F6990111D8136A0005072F1 /* Release */,
			);
			defaultConfigurationIsVisible = 0;
		};
		9F6990121D8136A0005072F1 /* Build configuration list for PBXNativeTarget "MarumTests" */ = {
			isa = XCConfigurationList;
			buildConfigurations = (
				9F6990131D8136A0005072F1 /* Debug */,
				9F6990141D8136A0005072F1 /* Release */,
			);
			defaultConfigurationIsVisible = 0;
		};
		9F6990151D8136A0005072F1 /* Build configuration list for PBXNativeTarget "MarumUITests" */ = {
			isa = XCConfigurationList;
			buildConfigurations = (
				9F6990161D8136A0005072F1 /* Debug */,
				9F6990171D8136A0005072F1 /* Release */,
			);
			defaultConfigurationIsVisible = 0;
		};
/* End XCConfigurationList section */
	};
	rootObject = 9F698FDA1D81369F005072F1 /* Project object */;
}
